{
  "version": 4,
  "terraform_version": "1.3.2",
  "serial": 8,
  "lineage": "9a805b0e-bb59-3f79-8402-3806eb592d92",
  "outputs": {},
  "resources": [
    {
      "mode": "managed",
      "type": "azurerm_resource_group",
      "name": "resource_group1",
      "provider": "provider[\"registry.terraform.io/hashicorp/azurerm\"]",
      "instances": [
        {
          "schema_version": 0,
          "attributes": {
            "id": "/subscriptions/13550c40-e40f-413c-8003-96196057d09a/resourceGroups/fromterraform1",
            "location": "eastus",
            "name": "fromterraform1",
            "tags": {
              "Project": "qtlearning",
              "env": "dev"
            },
            "timeouts": null
          },
          "sensitive_attributes": [],
          "private": "eyJlMmJmYjczMC1lY2FhLTExZTYtOGY4OC0zNDM2M2JjN2M0YzAiOnsiY3JlYXRlIjo1NDAwMDAwMDAwMDAwLCJkZWxldGUiOjU0MDAwMDAwMDAwMDAsInJlYWQiOjMwMDAwMDAwMDAwMCwidXBkYXRlIjo1NDAwMDAwMDAwMDAwfX0="
        }
      ]
    },
    {
      "mode": "managed",
      "type": "azurerm_storage_account",
      "name": "my_storage_acc",
      "provider": "provider[\"registry.terraform.io/hashicorp/azurerm\"]",
      "instances": [
        {
          "schema_version": 3,
          "attributes": {
            "access_tier": "Hot",
            "account_kind": "StorageV2",
            "account_replication_type": "GRS",
            "account_tier": "Standard",
            "allow_nested_items_to_be_public": true,
            "azure_files_authentication": [],
            "blob_properties": [
              {
                "change_feed_enabled": false,
                "change_feed_retention_in_days": 0,
                "container_delete_retention_policy": [],
                "cors_rule": [],
                "default_service_version": "",
                "delete_retention_policy": [],
                "last_access_time_enabled": false,
                "versioning_enabled": false
              }
            ],
            "cross_tenant_replication_enabled": true,
            "custom_domain": [],
            "customer_managed_key": [],
            "default_to_oauth_authentication": false,
            "edge_zone": "",
            "enable_https_traffic_only": true,
            "id": "/subscriptions/13550c40-e40f-413c-8003-96196057d09a/resourceGroups/fromterraform1/providers/Microsoft.Storage/storageAccounts/mystorageaccountoct17",
            "identity": [],
            "infrastructure_encryption_enabled": false,
            "is_hns_enabled": false,
            "large_file_share_enabled": null,
            "location": "eastus",
            "min_tls_version": "TLS1_2",
            "name": "mystorageaccountoct17",
            "network_rules": [
              {
                "bypass": [
                  "AzureServices"
                ],
                "default_action": "Allow",
                "ip_rules": [],
                "private_link_access": [],
                "virtual_network_subnet_ids": []
              }
            ],
            "nfsv3_enabled": false,
            "primary_access_key": "43tlkLYva4zkT2oKwVepPITLgwo2xyGE3t9jwUF02gpIsXpM/KflMWllkG5q6P6XpavvLDpRSL6y+AStXfheDg==",
            "primary_blob_connection_string": "DefaultEndpointsProtocol=https;BlobEndpoint=https://mystorageaccountoct17.blob.core.windows.net/;AccountName=mystorageaccountoct17;AccountKey=43tlkLYva4zkT2oKwVepPITLgwo2xyGE3t9jwUF02gpIsXpM/KflMWllkG5q6P6XpavvLDpRSL6y+AStXfheDg==",
            "primary_blob_endpoint": "https://mystorageaccountoct17.blob.core.windows.net/",
            "primary_blob_host": "mystorageaccountoct17.blob.core.windows.net",
            "primary_connection_string": "DefaultEndpointsProtocol=https;AccountName=mystorageaccountoct17;AccountKey=43tlkLYva4zkT2oKwVepPITLgwo2xyGE3t9jwUF02gpIsXpM/KflMWllkG5q6P6XpavvLDpRSL6y+AStXfheDg==;EndpointSuffix=core.windows.net",
            "primary_dfs_endpoint": "https://mystorageaccountoct17.dfs.core.windows.net/",
            "primary_dfs_host": "mystorageaccountoct17.dfs.core.windows.net",
            "primary_file_endpoint": "https://mystorageaccountoct17.file.core.windows.net/",
            "primary_file_host": "mystorageaccountoct17.file.core.windows.net",
            "primary_location": "eastus",
            "primary_queue_endpoint": "https://mystorageaccountoct17.queue.core.windows.net/",
            "primary_queue_host": "mystorageaccountoct17.queue.core.windows.net",
            "primary_table_endpoint": "https://mystorageaccountoct17.table.core.windows.net/",
            "primary_table_host": "mystorageaccountoct17.table.core.windows.net",
            "primary_web_endpoint": "https://mystorageaccountoct17.z13.web.core.windows.net/",
            "primary_web_host": "mystorageaccountoct17.z13.web.core.windows.net",
            "public_network_access_enabled": true,
            "queue_encryption_key_type": "Service",
            "queue_properties": [
              {
                "cors_rule": [],
                "hour_metrics": [
                  {
                    "enabled": true,
                    "include_apis": true,
                    "retention_policy_days": 7,
                    "version": "1.0"
                  }
                ],
                "logging": [
                  {
                    "delete": false,
                    "read": false,
                    "retention_policy_days": 0,
                    "version": "1.0",
                    "write": false
                  }
                ],
                "minute_metrics": [
                  {
                    "enabled": false,
                    "include_apis": false,
                    "retention_policy_days": 0,
                    "version": "1.0"
                  }
                ]
              }
            ],
            "resource_group_name": "fromterraform1",
            "routing": [],
            "secondary_access_key": "hXwyQfeqSBNyNemeCu6oYBE5o/UB4Nn6tlwUopSVVC0Gieqt7T1rBt5+qFKo3gzzGs3j6LQcdxgm+AStr37vFw==",
            "secondary_blob_connection_string": "",
            "secondary_blob_endpoint": null,
            "secondary_blob_host": null,
            "secondary_connection_string": "DefaultEndpointsProtocol=https;AccountName=mystorageaccountoct17;AccountKey=hXwyQfeqSBNyNemeCu6oYBE5o/UB4Nn6tlwUopSVVC0Gieqt7T1rBt5+qFKo3gzzGs3j6LQcdxgm+AStr37vFw==;EndpointSuffix=core.windows.net",
            "secondary_dfs_endpoint": null,
            "secondary_dfs_host": null,
            "secondary_file_endpoint": null,
            "secondary_file_host": null,
            "secondary_location": "westus",
            "secondary_queue_endpoint": null,
            "secondary_queue_host": null,
            "secondary_table_endpoint": null,
            "secondary_table_host": null,
            "secondary_web_endpoint": null,
            "secondary_web_host": null,
            "share_properties": [
              {
                "cors_rule": [],
                "retention_policy": [
                  {
                    "days": 7
                  }
                ],
                "smb": []
              }
            ],
            "shared_access_key_enabled": true,
            "static_website": [],
            "table_encryption_key_type": "Service",
            "tags": {
              "Project": "qtlearning",
              "env": "dev"
            },
            "timeouts": null
          },
          "sensitive_attributes": [],
          "private": "eyJlMmJmYjczMC1lY2FhLTExZTYtOGY4OC0zNDM2M2JjN2M0YzAiOnsiY3JlYXRlIjozNjAwMDAwMDAwMDAwLCJkZWxldGUiOjM2MDAwMDAwMDAwMDAsInJlYWQiOjMwMDAwMDAwMDAwMCwidXBkYXRlIjozNjAwMDAwMDAwMDAwfSwic2NoZW1hX3ZlcnNpb24iOiIzIn0="
        }
      ]
    }
  ],
  "check_results": []
}
